{
  "name": "experiments",
  "lockfileVersion": 3,
  "requires": true,
  "packages": {
    "": {
      "dependencies": {
        "@lucasmarkes/hairline": "^0.2.0"
      }
    },
    "node_modules/@lucasmarkes/hairline": {
      "version": "0.2.0",
      "resolved": "https://registry.npmjs.org/@lucasmarkes/hairline/-/hairline-0.2.0.tgz",
      "integrity": "sha512-A8r5C0BP0Z/8nAKLNVZprVFj47wLQ06gSCprU3InFf3IoQ3Uq7zLF68sumSuzgiMwXnYhhrK8Ib0Qm/54GyDSw==",
      "license": "MIT",
      "peerDependencies": {
        "react": ">=18"
      },
      "peerDependenciesMeta": {
        "react": {
          "optional": true
        }
      }
    }
  }
}
