// !$*UTF8*$!
{
	archiveVersion = 1;
	classes = {
	};
	objectVersion = 60;
	objects = {

/* Begin PBXBuildFile section */
		A1B2C3D4E5F60024AABBCCDD /* VoiceJournalApp.swift in Sources */ = {isa = PBXBuildFile; fileRef = A1B2C3D4E5F60015AABBCCDD /* VoiceJournalApp.swift */; };
		A1B2C3D4E5F60025AABBCCDD /* AppDelegate.swift in Sources */ = {isa = PBXBuildFile; fileRef = A1B2C3D4E5F60016AABBCCDD /* AppDelegate.swift */; };
		A1B2C3D4E5F60026AABBCCDD /* JournalEntry.swift in Sources */ = {isa = PBXBuildFile; fileRef = A1B2C3D4E5F60017AABBCCDD /* JournalEntry.swift */; };
		A1B2C3D4E5F60027AABBCCDD /* ConversationMessage.swift in Sources */ = {isa = PBXBuildFile; fileRef = A1B2C3D4E5F60018AABBCCDD /* ConversationMessage.swift */; };
		A1B2C3D4E5F60028AABBCCDD /* OpenAIService.swift in Sources */ = {isa = PBXBuildFile; fileRef = A1B2C3D4E5F60019AABBCCDD /* OpenAIService.swift */; };
		A1B2C3D4E5F60029AABBCCDD /* SpeechService.swift in Sources */ = {isa = PBXBuildFile; fileRef = A1B2C3D4E5F6001AAABBCCDD /* SpeechService.swift */; };
		A1B2C3D4E5F6002AAABBCCDD /* NotificationService.swift in Sources */ = {isa = PBXBuildFile; fileRef = A1B2C3D4E5F6001BAABBCCDD /* NotificationService.swift */; };
		A1B2C3D4E5F6002BAABBCCDD /* JournalSessionViewModel.swift in Sources */ = {isa = PBXBuildFile; fileRef = A1B2C3D4E5F6001CAABBCCDD /* JournalSessionViewModel.swift */; };
		A1B2C3D4E5F6002CAABBCCDD /* HomeView.swift in Sources */ = {isa = PBXBuildFile; fileRef = A1B2C3D4E5F6001DAABBCCDD /* HomeView.swift */; };
		A1B2C3D4E5F6002DAABBCCDD /* JournalSessionView.swift in Sources */ = {isa = PBXBuildFile; fileRef = A1B2C3D4E5F6001EAABBCCDD /* JournalSessionView.swift */; };
		A1B2C3D4E5F6002EAABBCCDD /* JournalDetailView.swift in Sources */ = {isa = PBXBuildFile; fileRef = A1B2C3D4E5F6001FAABBCCDD /* JournalDetailView.swift */; };
		A1B2C3D4E5F6002FAABBCCDD /* SettingsView.swift in Sources */ = {isa = PBXBuildFile; fileRef = A1B2C3D4E5F60020AABBCCDD /* SettingsView.swift */; };
		A1B2C3D4E5F60030AABBCCDD /* Assets.xcassets in Resources */ = {isa = PBXBuildFile; fileRef = A1B2C3D4E5F60021AABBCCDD /* Assets.xcassets */; };
		A1B2C3D4E5F60031AABBCCDD /* Preview Assets.xcassets in Resources */ = {isa = PBXBuildFile; fileRef = A1B2C3D4E5F60022AABBCCDD /* Preview Assets.xcassets */; };
/* End PBXBuildFile section */

/* Begin PBXFileReference section */
		A1B2C3D4E5F60005AABBCCDD /* VoiceJournal.app */ = {isa = PBXFileReference; explicitFileType = wrapper.application; includeInIndex = 0; path = VoiceJournal.app; sourceTree = BUILT_PRODUCTS_DIR; };
		A1B2C3D4E5F60015AABBCCDD /* VoiceJournalApp.swift */ = {isa = PBXFileReference; lastKnownFileType = sourcecode.swift; path = VoiceJournalApp.swift; sourceTree = "<group>"; };
		A1B2C3D4E5F60016AABBCCDD /* AppDelegate.swift */ = {isa = PBXFileReference; lastKnownFileType = sourcecode.swift; path = AppDelegate.swift; sourceTree = "<group>"; };
		A1B2C3D4E5F60017AABBCCDD /* JournalEntry.swift */ = {isa = PBXFileReference; lastKnownFileType = sourcecode.swift; path = JournalEntry.swift; sourceTree = "<group>"; };
		A1B2C3D4E5F60018AABBCCDD /* ConversationMessage.swift */ = {isa = PBXFileReference; lastKnownFileType = sourcecode.swift; path = ConversationMessage.swift; sourceTree = "<group>"; };
		A1B2C3D4E5F60019AABBCCDD /* OpenAIService.swift */ = {isa = PBXFileReference; lastKnownFileType = sourcecode.swift; path = OpenAIService.swift; sourceTree = "<group>"; };
		A1B2C3D4E5F6001AAABBCCDD /* SpeechService.swift */ = {isa = PBXFileReference; lastKnownFileType = sourcecode.swift; path = SpeechService.swift; sourceTree = "<group>"; };
		A1B2C3D4E5F6001BAABBCCDD /* NotificationService.swift */ = {isa = PBXFileReference; lastKnownFileType = sourcecode.swift; path = NotificationService.swift; sourceTree = "<group>"; };
		A1B2C3D4E5F6001CAABBCCDD /* JournalSessionViewModel.swift */ = {isa = PBXFileReference; lastKnownFileType = sourcecode.swift; path = JournalSessionViewModel.swift; sourceTree = "<group>"; };
		A1B2C3D4E5F6001DAABBCCDD /* HomeView.swift */ = {isa = PBXFileReference; lastKnownFileType = sourcecode.swift; path = HomeView.swift; sourceTree = "<group>"; };
		A1B2C3D4E5F6001EAABBCCDD /* JournalSessionView.swift */ = {isa = PBXFileReference; lastKnownFileType = sourcecode.swift; path = JournalSessionView.swift; sourceTree = "<group>"; };
		A1B2C3D4E5F6001FAABBCCDD /* JournalDetailView.swift */ = {isa = PBXFileReference; lastKnownFileType = sourcecode.swift; path = JournalDetailView.swift; sourceTree = "<group>"; };
		A1B2C3D4E5F60020AABBCCDD /* SettingsView.swift */ = {isa = PBXFileReference; lastKnownFileType = sourcecode.swift; path = SettingsView.swift; sourceTree = "<group>"; };
		A1B2C3D4E5F60021AABBCCDD /* Assets.xcassets */ = {isa = PBXFileReference; lastKnownFileType = folder.assetcatalog; path = Assets.xcassets; sourceTree = "<group>"; };
		A1B2C3D4E5F60022AABBCCDD /* Preview Assets.xcassets */ = {isa = PBXFileReference; lastKnownFileType = folder.assetcatalog; path = "Preview Assets.xcassets"; sourceTree = "<group>"; };
/* End PBXFileReference section */

/* Begin PBXFrameworksBuildPhase section */
		A1B2C3D4E5F60007AABBCCDD /* Frameworks */ = {
			isa = PBXFrameworksBuildPhase;
			buildActionMask = 2147483647;
			files = (
			);
			runOnlyForDeploymentPostprocessing = 0;
		};
/* End PBXFrameworksBuildPhase section */

/* Begin PBXGroup section */
		A1B2C3D4E5F60003AABBCCDD = {
			isa = PBXGroup;
			children = (
				A1B2C3D4E5F6000FAABBCCDD /* VoiceJournal */,
				A1B2C3D4E5F60004AABBCCDD /* Products */,
			);
			sourceTree = "<group>";
		};
		A1B2C3D4E5F60004AABBCCDD /* Products */ = {
			isa = PBXGroup;
			children = (
				A1B2C3D4E5F60005AABBCCDD /* VoiceJournal.app */,
			);
			name = Products;
			sourceTree = "<group>";
		};
		A1B2C3D4E5F6000FAABBCCDD /* VoiceJournal */ = {
			isa = PBXGroup;
			children = (
				A1B2C3D4E5F60015AABBCCDD /* VoiceJournalApp.swift */,
				A1B2C3D4E5F60016AABBCCDD /* AppDelegate.swift */,
				A1B2C3D4E5F60010AABBCCDD /* Models */,
				A1B2C3D4E5F60011AABBCCDD /* Services */,
				A1B2C3D4E5F60012AABBCCDD /* ViewModels */,
				A1B2C3D4E5F60013AABBCCDD /* Views */,
				A1B2C3D4E5F60021AABBCCDD /* Assets.xcassets */,
				A1B2C3D4E5F60014AABBCCDD /* Preview Content */,
			);
			path = VoiceJournal;
			sourceTree = "<group>";
		};
		A1B2C3D4E5F60010AABBCCDD /* Models */ = {
			isa = PBXGroup;
			children = (
				A1B2C3D4E5F60017AABBCCDD /* JournalEntry.swift */,
				A1B2C3D4E5F60018AABBCCDD /* ConversationMessage.swift */,
			);
			path = Models;
			sourceTree = "<group>";
		};
		A1B2C3D4E5F60011AABBCCDD /* Services */ = {
			isa = PBXGroup;
			children = (
				A1B2C3D4E5F60019AABBCCDD /* OpenAIService.swift */,
				A1B2C3D4E5F6001AAABBCCDD /* SpeechService.swift */,
				A1B2C3D4E5F6001BAABBCCDD /* NotificationService.swift */,
			);
			path = Services;
			sourceTree = "<group>";
		};
		A1B2C3D4E5F60012AABBCCDD /* ViewModels */ = {
			isa = PBXGroup;
			children = (
				A1B2C3D4E5F6001CAABBCCDD /* JournalSessionViewModel.swift */,
			);
			path = ViewModels;
			sourceTree = "<group>";
		};
		A1B2C3D4E5F60013AABBCCDD /* Views */ = {
			isa = PBXGroup;
			children = (
				A1B2C3D4E5F6001DAABBCCDD /* HomeView.swift */,
				A1B2C3D4E5F6001EAABBCCDD /* JournalSessionView.swift */,
				A1B2C3D4E5F6001FAABBCCDD /* JournalDetailView.swift */,
				A1B2C3D4E5F60020AABBCCDD /* SettingsView.swift */,
			);
			path = Views;
			sourceTree = "<group>";
		};
		A1B2C3D4E5F60014AABBCCDD /* Preview Content */ = {
			isa = PBXGroup;
			children = (
				A1B2C3D4E5F60022AABBCCDD /* Preview Assets.xcassets */,
			);
			path = "Preview Content";
			sourceTree = "<group>";
		};
/* End PBXGroup section */

/* Begin PBXNativeTarget section */
		A1B2C3D4E5F60002AABBCCDD /* VoiceJournal */ = {
			isa = PBXNativeTarget;
			buildConfigurationList = A1B2C3D4E5F6000DAABBCCDD /* Build configuration list for PBXNativeTarget "VoiceJournal" */;
			buildPhases = (
				A1B2C3D4E5F60006AABBCCDD /* Sources */,
				A1B2C3D4E5F60007AABBCCDD /* Frameworks */,
				A1B2C3D4E5F60008AABBCCDD /* Resources */,
			);
			buildRules = (
			);
			dependencies = (
			);
			name = VoiceJournal;
			productName = VoiceJournal;
			productReference = A1B2C3D4E5F60005AABBCCDD /* VoiceJournal.app */;
			productType = "com.apple.product-type.application";
		};
/* End PBXNativeTarget section */

/* Begin PBXProject section */
		A1B2C3D4E5F60001AABBCCDD /* Project object */ = {
			isa = PBXProject;
			attributes = {
				BuildIndependentTargetsInParallel = 1;
				LastSwiftUpdateCheck = 1500;
				LastUpgradeCheck = 1500;
				TargetAttributes = {
					A1B2C3D4E5F60002AABBCCDD = {
						CreatedOnToolsVersion = 15.0;
					};
				};
			};
			buildConfigurationList = A1B2C3D4E5F6000EAABBCCDD /* Build configuration list for PBXProject "VoiceJournal" */;
			compatibilityVersion = "Xcode 14.0";
			developmentRegion = en;
			hasScannedForEncodings = 0;
			knownRegions = (
				en,
				Base,
			);
			mainGroup = A1B2C3D4E5F60003AABBCCDD;
			productRefGroup = A1B2C3D4E5F60004AABBCCDD /* Products */;
			projectDirPath = "";
			projectRoot = "";
			targets = (
				A1B2C3D4E5F60002AABBCCDD /* VoiceJournal */,
			);
		};
/* End PBXProject section */

/* Begin PBXResourcesBuildPhase section */
		A1B2C3D4E5F60008AABBCCDD /* Resources */ = {
			isa = PBXResourcesBuildPhase;
			buildActionMask = 2147483647;
			files = (
				A1B2C3D4E5F60031AABBCCDD /* Preview Assets.xcassets in Resources */,
				A1B2C3D4E5F60030AABBCCDD /* Assets.xcassets in Resources */,
			);
			runOnlyForDeploymentPostprocessing = 0;
		};
/* End PBXResourcesBuildPhase section */

/* Begin PBXSourcesBuildPhase section */
		A1B2C3D4E5F60006AABBCCDD /* Sources */ = {
			isa = PBXSourcesBuildPhase;
			buildActionMask = 2147483647;
			files = (
				A1B2C3D4E5F60024AABBCCDD /* VoiceJournalApp.swift in Sources */,
				A1B2C3D4E5F60025AABBCCDD /* AppDelegate.swift in Sources */,
				A1B2C3D4E5F60026AABBCCDD /* JournalEntry.swift in Sources */,
				A1B2C3D4E5F60027AABBCCDD /* ConversationMessage.swift in Sources */,
				A1B2C3D4E5F60028AABBCCDD /* OpenAIService.swift in Sources */,
				A1B2C3D4E5F60029AABBCCDD /* SpeechService.swift in Sources */,
				A1B2C3D4E5F6002AAABBCCDD /* NotificationService.swift in Sources */,
				A1B2C3D4E5F6002BAABBCCDD /* JournalSessionViewModel.swift in Sources */,
				A1B2C3D4E5F6002CAABBCCDD /* HomeView.swift in Sources */,
				A1B2C3D4E5F6002DAABBCCDD /* JournalSessionView.swift in Sources */,
				A1B2C3D4E5F6002EAABBCCDD /* JournalDetailView.swift in Sources */,
				A1B2C3D4E5F6002FAABBCCDD /* SettingsView.swift in Sources */,
			);
			runOnlyForDeploymentPostprocessing = 0;
		};
/* End PBXSourcesBuildPhase section */

/* Begin XCBuildConfiguration section */
		A1B2C3D4E5F60009AABBCCDD /* Debug */ = {
			isa = XCBuildConfiguration;
			buildSettings = {
				ASSETCATALOG_COMPILER_APPICON_NAME = AppIcon;
				ASSETCATALOG_COMPILER_GLOBAL_ACCENT_COLOR_NAME = AccentColor;
				CODE_SIGN_STYLE = Automatic;
				CURRENT_PROJECT_VERSION = 1;
				ENABLE_PREVIEWS = YES;
				GENERATE_INFOPLIST_FILE = YES;
				INFOPLIST_KEY_NSMicrophoneUsageDescription = "VoiceJournal needs microphone access to record your daily journal entries.";
				INFOPLIST_KEY_NSSpeechRecognitionUsageDescription = "VoiceJournal uses speech recognition to transcribe your voice journal.";
				INFOPLIST_KEY_UIApplicationSceneManifest_Generation = YES;
				INFOPLIST_KEY_UIApplicationSupportsMultipleScenes = NO;
				INFOPLIST_KEY_UILaunchScreen_Generation = YES;
				IPHONEOS_DEPLOYMENT_TARGET = 17.0;
				LD_RUNPATH_SEARCH_PATHS = (
					"$(inherited)",
					"@executable_path/Frameworks",
				);
				MARKETING_VERSION = 1.0;
				PRODUCT_BUNDLE_IDENTIFIER = com.voicejournal.app;
				PRODUCT_NAME = "$(TARGET_NAME)";
				SWIFT_EMIT_LOC_STRINGS = YES;
				SWIFT_VERSION = 5.0;
				TARGETED_DEVICE_FAMILY = 1;
			};
			name = Debug;
		};
		A1B2C3D4E5F6000AAABBCCDD /* Release */ = {
			isa = XCBuildConfiguration;
			buildSettings = {
				ASSETCATALOG_COMPILER_APPICON_NAME = AppIcon;
				ASSETCATALOG_COMPILER_GLOBAL_ACCENT_COLOR_NAME = AccentColor;
				CODE_SIGN_STYLE = Automatic;
				CURRENT_PROJECT_VERSION = 1;
				ENABLE_PREVIEWS = YES;
				GENERATE_INFOPLIST_FILE = YES;
				INFOPLIST_KEY_NSMicrophoneUsageDescription = "VoiceJournal needs microphone access to record your daily journal entries.";
				INFOPLIST_KEY_NSSpeechRecognitionUsageDescription = "VoiceJournal uses speech recognition to transcribe your voice journal.";
				INFOPLIST_KEY_UIApplicationSceneManifest_Generation = YES;
				INFOPLIST_KEY_UIApplicationSupportsMultipleScenes = NO;
				INFOPLIST_KEY_UILaunchScreen_Generation = YES;
				IPHONEOS_DEPLOYMENT_TARGET = 17.0;
				LD_RUNPATH_SEARCH_PATHS = (
					"$(inherited)",
					"@executable_path/Frameworks",
				);
				MARKETING_VERSION = 1.0;
				PRODUCT_BUNDLE_IDENTIFIER = com.voicejournal.app;
				PRODUCT_NAME = "$(TARGET_NAME)";
				SWIFT_EMIT_LOC_STRINGS = YES;
				SWIFT_VERSION = 5.0;
				TARGETED_DEVICE_FAMILY = 1;
			};
			name = Release;
		};
		A1B2C3D4E5F6000BAABBCCDD /* Debug */ = {
			isa = XCBuildConfiguration;
			buildSettings = {
				ALWAYS_SEARCH_USER_PATHS = NO;
				CLANG_ANALYZER_NONNULL = YES;
				CLANG_ANALYZER_NUMBER_OBJECT_CONVERSION = YES_AGGRESSIVE;
				CLANG_CXX_LANGUAGE_STANDARD = "gnu++20";
				CLANG_ENABLE_MODULES = YES;
				CLANG_ENABLE_OBJC_ARC = YES;
				CLANG_ENABLE_OBJC_WEAK = YES;
				CLANG_WARN_BLOCK_CAPTURE_AUTORELEASING = YES;
				CLANG_WARN_BOOL_CONVERSION = YES;
				CLANG_WARN_COMMA = YES;
				CLANG_WARN_CONSTANT_CONVERSION = YES;
				CLANG_WARN_DEPRECATED_OBJC_IMPLEMENTATIONS = YES;
				CLANG_WARN_DIRECT_OBJC_ISA_USAGE = YES_ERROR;
				CLANG_WARN_DOCUMENTATION_COMMENTS = YES;
				CLANG_WARN_EMPTY_BODY = YES;
				CLANG_WARN_ENUM_CONVERSION = YES;
				CLANG_WARN_INFINITE_RECURSION = YES;
				CLANG_WARN_INT_CONVERSION = YES;
				CLANG_WARN_NON_LITERAL_NULL_CONVERSION = YES;
				CLANG_WARN_OBJC_IMPLICIT_RETAIN_SELF = YES;
				CLANG_WARN_OBJC_LITERAL_CONVERSION = YES;
				CLANG_WARN_OBJC_ROOT_CLASS = YES_ERROR;
				CLANG_WARN_QUOTED_INCLUDE_IN_FRAMEWORK_HEADER = YES;
				CLANG_WARN_RANGE_LOOP_ANALYSIS = YES;
				CLANG_WARN_STRICT_PROTOTYPES = YES;
				CLANG_WARN_SUSPICIOUS_MOVE = YES;
				CLANG_WARN_UNGUARDED_AVAILABILITY = YES_AGGRESSIVE;
				CLANG_WARN_UNREACHABLE_CODE = YES;
				CLANG_WARN__DUPLICATE_METHOD_EXCEPTION = YES;
				COPY_PHASE_STRIP = NO;
				DEBUG_INFORMATION_FORMAT = dwarf;
				ENABLE_STRICT_OBJC_MSGSEND = YES;
				ENABLE_TESTABILITY = YES;
				GCC_C_LANGUAGE_STANDARD = gnu17;
				GCC_DYNAMIC_NO_PIC = NO;
				GCC_NO_COMMON_BLOCKS = YES;
				GCC_OPTIMIZATION_LEVEL = 0;
				GCC_PREPROCESSOR_DEFINITIONS = (
					"DEBUG=1",
					"$(inherited)",
				);
				GCC_WARN_64_TO_32_BIT_CONVERSION = YES;
				GCC_WARN_ABOUT_RETURN_TYPE = YES_ERROR;
				GCC_WARN_UNDECLARED_SELECTOR = YES;
				GCC_WARN_UNINITIALIZED_AUTOS = YES_AGGRESSIVE;
				GCC_WARN_UNUSED_FUNCTION = YES;
				GCC_WARN_UNUSED_VARIABLE = YES;
				IPHONEOS_DEPLOYMENT_TARGET = 17.0;
				MTL_ENABLE_DEBUG_INFO = INCLUDE_SOURCE;
				MTL_FAST_MATH = YES;
				ONLY_ACTIVE_ARCH = YES;
				SDKROOT = iphoneos;
				SWIFT_ACTIVE_COMPILATION_CONDITIONS = DEBUG;
				SWIFT_OPTIMIZATION_LEVEL = "-Onone";
			};
			name = Debug;
		};
		A1B2C3D4E5F6000CAABBCCDD /* Release */ = {
			isa = XCBuildConfiguration;
			buildSettings = {
				ALWAYS_SEARCH_USER_PATHS = NO;
				CLANG_ANALYZER_NONNULL = YES;
				CLANG_ANALYZER_NUMBER_OBJECT_CONVERSION = YES_AGGRESSIVE;
				CLANG_CXX_LANGUAGE_STANDARD = "gnu++20";
				CLANG_ENABLE_MODULES = YES;
				CLANG_ENABLE_OBJC_ARC = YES;
				CLANG_ENABLE_OBJC_WEAK = YES;
				CLANG_WARN_BLOCK_CAPTURE_AUTORELEASING = YES;
				CLANG_WARN_BOOL_CONVERSION = YES;
				CLANG_WARN_COMMA = YES;
				CLANG_WARN_CONSTANT_CONVERSION = YES;
				CLANG_WARN_DEPRECATED_OBJC_IMPLEMENTATIONS = YES;
				CLANG_WARN_DIRECT_OBJC_ISA_USAGE = YES_ERROR;
				CLANG_WARN_DOCUMENTATION_COMMENTS = YES;
				CLANG_WARN_EMPTY_BODY = YES;
				CLANG_WARN_ENUM_CONVERSION = YES;
				CLANG_WARN_INFINITE_RECURSION = YES;
				CLANG_WARN_INT_CONVERSION = YES;
				CLANG_WARN_NON_LITERAL_NULL_CONVERSION = YES;
				CLANG_WARN_OBJC_IMPLICIT_RETAIN_SELF = YES;
				CLANG_WARN_OBJC_LITERAL_CONVERSION = YES;
				CLANG_WARN_OBJC_ROOT_CLASS = YES_ERROR;
				CLANG_WARN_QUOTED_INCLUDE_IN_FRAMEWORK_HEADER = YES;
				CLANG_WARN_RANGE_LOOP_ANALYSIS = YES;
				CLANG_WARN_STRICT_PROTOTYPES = YES;
				CLANG_WARN_SUSPICIOUS_MOVE = YES;
				CLANG_WARN_UNGUARDED_AVAILABILITY = YES_AGGRESSIVE;
				CLANG_WARN_UNREACHABLE_CODE = YES;
				CLANG_WARN__DUPLICATE_METHOD_EXCEPTION = YES;
				COPY_PHASE_STRIP = NO;
				DEBUG_INFORMATION_FORMAT = "dwarf-with-dsym";
				ENABLE_NS_ASSERTIONS = NO;
				ENABLE_STRICT_OBJC_MSGSEND = YES;
				GCC_C_LANGUAGE_STANDARD = gnu17;
				GCC_NO_COMMON_BLOCKS = YES;
				GCC_WARN_64_TO_32_BIT_CONVERSION = YES;
				GCC_WARN_ABOUT_RETURN_TYPE = YES_ERROR;
				GCC_WARN_UNDECLARED_SELECTOR = YES;
				GCC_WARN_UNINITIALIZED_AUTOS = YES_AGGRESSIVE;
				GCC_WARN_UNUSED_FUNCTION = YES;
				GCC_WARN_UNUSED_VARIABLE = YES;
				IPHONEOS_DEPLOYMENT_TARGET = 17.0;
				MTL_FAST_MATH = YES;
				SDKROOT = iphoneos;
				SWIFT_COMPILATION_MODE = wholemodule;
				SWIFT_OPTIMIZATION_LEVEL = "-O";
				VALIDATE_PRODUCT = YES;
			};
			name = Release;
		};
/* End XCBuildConfiguration section */

/* Begin XCConfigurationList section */
		A1B2C3D4E5F6000DAABBCCDD /* Build configuration list for PBXNativeTarget "VoiceJournal" */ = {
			isa = XCConfigurationList;
			buildConfigurations = (
				A1B2C3D4E5F60009AABBCCDD /* Debug */,
				A1B2C3D4E5F6000AAABBCCDD /* Release */,
			);
			defaultConfigurationIsVisible = 0;
			defaultConfigurationName = Release;
		};
		A1B2C3D4E5F6000EAABBCCDD /* Build configuration list for PBXProject "VoiceJournal" */ = {
			isa = XCConfigurationList;
			buildConfigurations = (
				A1B2C3D4E5F6000BAABBCCDD /* Debug */,
				A1B2C3D4E5F6000CAABBCCDD /* Release */,
			);
			defaultConfigurationIsVisible = 0;
			defaultConfigurationName = Release;
		};
/* End XCConfigurationList section */
	};
	rootObject = A1B2C3D4E5F60001AABBCCDD /* Project object */;
}
